PODS:
  - SnapKit (5.6.0)
  - ZeroKit (0.0.1)

DEPENDENCIES:
  - SnapKit
  - ZeroKit (from `../../ZeroKit`)

SPEC REPOS:
  trunk:
    - SnapKit

EXTERNAL SOURCES:
  ZeroKit:
    :path: "../../ZeroKit"

SPEC CHECKSUMS:
  SnapKit: e01d52ebb8ddbc333eefe2132acf85c8227d9c25
  ZeroKit: 03619e1e9fc1715816abab113dde965af97de4ef

PODFILE CHECKSUM: a3fccfc36a4a4d9ab2da7bc53b08845dee01eae4

COCOAPODS: 1.11.0
